// !$*UTF8*$!
{
	archiveVersion = 1;
	classes = {
	};
	objectVersion = 46;
	objects = {

/* Begin PBXBuildFile section */
		F13CE9BE19449E1C007AB38C /* AppDelegate.swift in Sources */ = {isa = PBXBuildFile; fileRef = F13CE9BD19449E1C007AB38C /* AppDelegate.swift */; };
		F13CE9C119449E1C007AB38C /* ContactQRGenerator.xcdatamodeld in Sources */ = {isa = PBXBuildFile; fileRef = F13CE9BF19449E1C007AB38C /* ContactQRGenerator.xcdatamodeld */; };
		F13CE9C319449E1C007AB38C /* Images.xcassets in Resources */ = {isa = PBXBuildFile; fileRef = F13CE9C219449E1C007AB38C /* Images.xcassets */; };
		F13CE9CF19449E1C007AB38C /* ContactQRGeneratorTests.swift in Sources */ = {isa = PBXBuildFile; fileRef = F13CE9CE19449E1C007AB38C /* ContactQRGeneratorTests.swift */; };
/* End PBXBuildFile section */

/* Begin PBXContainerItemProxy section */
		F13CE9C919449E1C007AB38C /* PBXContainerItemProxy */ = {
			isa = PBXContainerItemProxy;
			containerPortal = F13CE9B019449E1C007AB38C /* Project object */;
			proxyType = 1;
			remoteGlobalIDString = F13CE9B719449E1C007AB38C;
			remoteInfo = ContactQRGenerator;
		};
/* End PBXContainerItemProxy section */

/* Begin PBXFileReference section */
		F13CE9B819449E1C007AB38C /* ContactQRGenerator.app */ = {isa = PBXFileReference; explicitFileType = wrapper.application; includeInIndex = 0; path = ContactQRGenerator.app; sourceTree = BUILT_PRODUCTS_DIR; };
		F13CE9BC19449E1C007AB38C /* Info.plist */ = {isa = PBXFileReference; lastKnownFileType = text.plist.xml; path = Info.plist; sourceTree = "<group>"; };
		F13CE9BD19449E1C007AB38C /* AppDelegate.swift */ = {isa = PBXFileReference; lastKnownFileType = sourcecode.swift; path = AppDelegate.swift; sourceTree = "<group>"; };
		F13CE9C019449E1C007AB38C /* ContactQRGenerator.xcdatamodel */ = {isa = PBXFileReference; lastKnownFileType = wrapper.xcdatamodel; path = ContactQRGenerator.xcdatamodel; sourceTree = "<group>"; };
		F13CE9C219449E1C007AB38C /* Images.xcassets */ = {isa = PBXFileReference; lastKnownFileType = folder.assetcatalog; path = Images.xcassets; sourceTree = "<group>"; };
		F13CE9C819449E1C007AB38C /* ContactQRGeneratorTests.xctest */ = {isa = PBXFileReference; explicitFileType = wrapper.cfbundle; includeInIndex = 0; path = ContactQRGeneratorTests.xctest; sourceTree = BUILT_PRODUCTS_DIR; };
		F13CE9CD19449E1C007AB38C /* Info.plist */ = {isa = PBXFileReference; lastKnownFileType = text.plist.xml; path = Info.plist; sourceTree = "<group>"; };
		F13CE9CE19449E1C007AB38C /* ContactQRGeneratorTests.swift */ = {isa = PBXFileReference; lastKnownFileType = sourcecode.swift; path = ContactQRGeneratorTests.swift; sourceTree = "<group>"; };
/* End PBXFileReference section */

/* Begin PBXFrameworksBuildPhase section */
		F13CE9B519449E1C007AB38C /* Frameworks */ = {
			isa = PBXFrameworksBuildPhase;
			buildActionMask = 2147483647;
			files = (
			);
			runOnlyForDeploymentPostprocessing = 0;
		};
		F13CE9C519449E1C007AB38C /* Frameworks */ = {
			isa = PBXFrameworksBuildPhase;
			buildActionMask = 2147483647;
			files = (
			);
			runOnlyForDeploymentPostprocessing = 0;
		};
/* End PBXFrameworksBuildPhase section */

/* Begin PBXGroup section */
		F13CE9AF19449E1C007AB38C = {
			isa = PBXGroup;
			children = (
				F13CE9BA19449E1C007AB38C /* ContactQRGenerator */,
				F13CE9CB19449E1C007AB38C /* ContactQRGeneratorTests */,
				F13CE9B919449E1C007AB38C /* Products */,
			);
			sourceTree = "<group>";
		};
		F13CE9B919449E1C007AB38C /* Products */ = {
			isa = PBXGroup;
			children = (
				F13CE9B819449E1C007AB38C /* ContactQRGenerator.app */,
				F13CE9C819449E1C007AB38C /* ContactQRGeneratorTests.xctest */,
			);
			name = Products;
			sourceTree = "<group>";
		};
		F13CE9BA19449E1C007AB38C /* ContactQRGenerator */ = {
			isa = PBXGroup;
			children = (
				F13CE9BD19449E1C007AB38C /* AppDelegate.swift */,
				F13CE9C219449E1C007AB38C /* Images.xcassets */,
				F13CE9BF19449E1C007AB38C /* ContactQRGenerator.xcdatamodeld */,
				F13CE9BB19449E1C007AB38C /* Supporting Files */,
			);
			path = ContactQRGenerator;
			sourceTree = "<group>";
		};
		F13CE9BB19449E1C007AB38C /* Supporting Files */ = {
			isa = PBXGroup;
			children = (
				F13CE9BC19449E1C007AB38C /* Info.plist */,
			);
			name = "Supporting Files";
			sourceTree = "<group>";
		};
		F13CE9CB19449E1C007AB38C /* ContactQRGeneratorTests */ = {
			isa = PBXGroup;
			children = (
				F13CE9CE19449E1C007AB38C /* ContactQRGeneratorTests.swift */,
				F13CE9CC19449E1C007AB38C /* Supporting Files */,
			);
			path = ContactQRGeneratorTests;
			sourceTree = "<group>";
		};
		F13CE9CC19449E1C007AB38C /* Supporting Files */ = {
			isa = PBXGroup;
			children = (
				F13CE9CD19449E1C007AB38C /* Info.plist */,
			);
			name = "Supporting Files";
			sourceTree = "<group>";
		};
/* End PBXGroup section */

/* Begin PBXNativeTarget section */
		F13CE9B719449E1C007AB38C /* ContactQRGenerator */ = {
			isa = PBXNativeTarget;
			buildConfigurationList = F13CE9D219449E1C007AB38C /* Build configuration list for PBXNativeTarget "ContactQRGenerator" */;
			buildPhases = (
				F13CE9B419449E1C007AB38C /* Sources */,
				F13CE9B519449E1C007AB38C /* Frameworks */,
				F13CE9B619449E1C007AB38C /* Resources */,
			);
			buildRules = (
			);
			dependencies = (
			);
			name = ContactQRGenerator;
			productName = ContactQRGenerator;
			productReference = F13CE9B819449E1C007AB38C /* ContactQRGenerator.app */;
			productType = "com.apple.product-type.application";
		};
		F13CE9C719449E1C007AB38C /* ContactQRGeneratorTests */ = {
			isa = PBXNativeTarget;
			buildConfigurationList = F13CE9D519449E1C007AB38C /* Build configuration list for PBXNativeTarget "ContactQRGeneratorTests" */;
			buildPhases = (
				F13CE9C419449E1C007AB38C /* Sources */,
				F13CE9C519449E1C007AB38C /* Frameworks */,
				F13CE9C619449E1C007AB38C /* Resources */,
			);
			buildRules = (
			);
			dependencies = (
				F13CE9CA19449E1C007AB38C /* PBXTargetDependency */,
			);
			name = ContactQRGeneratorTests;
			productName = ContactQRGeneratorTests;
			productReference = F13CE9C819449E1C007AB38C /* ContactQRGeneratorTests.xctest */;
			productType = "com.apple.product-type.bundle.unit-test";
		};
/* End PBXNativeTarget section */

/* Begin PBXProject section */
		F13CE9B019449E1C007AB38C /* Project object */ = {
			isa = PBXProject;
			attributes = {
				LastUpgradeCheck = 0600;
				ORGANIZATIONNAME = "Brian Cheung";
				TargetAttributes = {
					F13CE9B719449E1C007AB38C = {
						CreatedOnToolsVersion = 6.0;
					};
					F13CE9C719449E1C007AB38C = {
						CreatedOnToolsVersion = 6.0;
						TestTargetID = F13CE9B719449E1C007AB38C;
					};
				};
			};
			buildConfigurationList = F13CE9B319449E1C007AB38C /* Build configuration list for PBXProject "ContactQRGenerator" */;
			compatibilityVersion = "Xcode 3.2";
			developmentRegion = English;
			hasScannedForEncodings = 0;
			knownRegions = (
				en,
			);
			mainGroup = F13CE9AF19449E1C007AB38C;
			productRefGroup = F13CE9B919449E1C007AB38C /* Products */;
			projectDirPath = "";
			projectRoot = "";
			targets = (
				F13CE9B719449E1C007AB38C /* ContactQRGenerator */,
				F13CE9C719449E1C007AB38C /* ContactQRGeneratorTests */,
			);
		};
/* End PBXProject section */

/* Begin PBXResourcesBuildPhase section */
		F13CE9B619449E1C007AB38C /* Resources */ = {
			isa = PBXResourcesBuildPhase;
			buildActionMask = 2147483647;
			files = (
				F13CE9C319449E1C007AB38C /* Images.xcassets in Resources */,
			);
			runOnlyForDeploymentPostprocessing = 0;
		};
		F13CE9C619449E1C007AB38C /* Resources */ = {
			isa = PBXResourcesBuildPhase;
			buildActionMask = 2147483647;
			files = (
			);
			runOnlyForDeploymentPostprocessing = 0;
		};
/* End PBXResourcesBuildPhase section */

/* Begin PBXSourcesBuildPhase section */
		F13CE9B419449E1C007AB38C /* Sources */ = {
			isa = PBXSourcesBuildPhase;
			buildActionMask = 2147483647;
			files = (
				F13CE9BE19449E1C007AB38C /* AppDelegate.swift in Sources */,
				F13CE9C119449E1C007AB38C /* ContactQRGenerator.xcdatamodeld in Sources */,
			);
			runOnlyForDeploymentPostprocessing = 0;
		};
		F13CE9C419449E1C007AB38C /* Sources */ = {
			isa = PBXSourcesBuildPhase;
			buildActionMask = 2147483647;
			files = (
				F13CE9CF19449E1C007AB38C /* ContactQRGeneratorTests.swift in Sources */,
			);
			runOnlyForDeploymentPostprocessing = 0;
		};
/* End PBXSourcesBuildPhase section */

/* Begin PBXTargetDependency section */
		F13CE9CA19449E1C007AB38C /* PBXTargetDependency */ = {
			isa = PBXTargetDependency;
			target = F13CE9B719449E1C007AB38C /* ContactQRGenerator */;
			targetProxy = F13CE9C919449E1C007AB38C /* PBXContainerItemProxy */;
		};
/* End PBXTargetDependency section */

/* Begin XCBuildConfiguration section */
		F13CE9D019449E1C007AB38C /* Debug */ = {
			isa = XCBuildConfiguration;
			buildSettings = {
				ALWAYS_SEARCH_USER_PATHS = NO;
				CLANG_CXX_LANGUAGE_STANDARD = "gnu++0x";
				CLANG_CXX_LIBRARY = "libc++";
				CLANG_ENABLE_MODULES = YES;
				CLANG_ENABLE_OBJC_ARC = YES;
				CLANG_WARN_BOOL_CONVERSION = YES;
				CLANG_WARN_CONSTANT_CONVERSION = YES;
				CLANG_WARN_DIRECT_OBJC_ISA_USAGE = YES_ERROR;
				CLANG_WARN_EMPTY_BODY = YES;
				CLANG_WARN_ENUM_CONVERSION = YES;
				CLANG_WARN_INT_CONVERSION = YES;
				CLANG_WARN_OBJC_ROOT_CLASS = YES_ERROR;
				CLANG_WARN_UNREACHABLE_CODE = YES;
				CLANG_WARN__DUPLICATE_METHOD_MATCH = YES;
				"CODE_SIGN_IDENTITY[sdk=iphoneos*]" = "iPhone Developer";
				COPY_PHASE_STRIP = NO;
				ENABLE_STRICT_OBJC_MSGSEND = YES;
				GCC_C_LANGUAGE_STANDARD = gnu99;
				GCC_DYNAMIC_NO_PIC = NO;
				GCC_OPTIMIZATION_LEVEL = 0;
				GCC_PREPROCESSOR_DEFINITIONS = (
					"DEBUG=1",
					"$(inherited)",
				);
				GCC_SYMBOLS_PRIVATE_EXTERN = NO;
				GCC_WARN_64_TO_32_BIT_CONVERSION = YES;
				GCC_WARN_ABOUT_RETURN_TYPE = YES_ERROR;
				GCC_WARN_UNDECLARED_SELECTOR = YES;
				GCC_WARN_UNINITIALIZED_AUTOS = YES_AGGRESSIVE;
				GCC_WARN_UNUSED_FUNCTION = YES;
				GCC_WARN_UNUSED_VARIABLE = YES;
				IPHONEOS_DEPLOYMENT_TARGET = 8.0;
				METAL_ENABLE_DEBUG_INFO = YES;
				ONLY_ACTIVE_ARCH = YES;
				SDKROOT = iphoneos;
				SWIFT_OPTIMIZATION_LEVEL = "-Onone";
			};
			name = Debug;
		};
		F13CE9D119449E1C007AB38C /* Release */ = {
			isa = XCBuildConfiguration;
			buildSettings = {
				ALWAYS_SEARCH_USER_PATHS = NO;
				CLANG_CXX_LANGUAGE_STANDARD = "gnu++0x";
				CLANG_CXX_LIBRARY = "libc++";
				CLANG_ENABLE_MODULES = YES;
				CLANG_ENABLE_OBJC_ARC = YES;
				CLANG_WARN_BOOL_CONVERSION = YES;
				CLANG_WARN_CONSTANT_CONVERSION = YES;
				CLANG_WARN_DIRECT_OBJC_ISA_USAGE = YES_ERROR;
				CLANG_WARN_EMPTY_BODY = YES;
				CLANG_WARN_ENUM_CONVERSION = YES;
				CLANG_WARN_INT_CONVERSION = YES;
				CLANG_WARN_OBJC_ROOT_CLASS = YES_ERROR;
				CLANG_WARN_UNREACHABLE_CODE = YES;
				CLANG_WARN__DUPLICATE_METHOD_MATCH = YES;
				"CODE_SIGN_IDENTITY[sdk=iphoneos*]" = "iPhone Developer";
				COPY_PHASE_STRIP = YES;
				ENABLE_NS_ASSERTIONS = NO;
				ENABLE_STRICT_OBJC_MSGSEND = YES;
				GCC_C_LANGUAGE_STANDARD = gnu99;
				GCC_WARN_64_TO_32_BIT_CONVERSION = YES;
				GCC_WARN_ABOUT_RETURN_TYPE = YES_ERROR;
				GCC_WARN_UNDECLARED_SELECTOR = YES;
				GCC_WARN_UNINITIALIZED_AUTOS = YES_AGGRESSIVE;
				GCC_WARN_UNUSED_FUNCTION = YES;
				GCC_WARN_UNUSED_VARIABLE = YES;
				IPHONEOS_DEPLOYMENT_TARGET = 8.0;
				METAL_ENABLE_DEBUG_INFO = NO;
				SDKROOT = iphoneos;
				VALIDATE_PRODUCT = YES;
			};
			name = Release;
		};
		F13CE9D319449E1C007AB38C /* Debug */ = {
			isa = XCBuildConfiguration;
			buildSettings = {
				ASSETCATALOG_COMPILER_APPICON_NAME = AppIcon;
				ASSETCATALOG_COMPILER_LAUNCHIMAGE_NAME = LaunchImage;
				INFOPLIST_FILE = ContactQRGenerator/Info.plist;
				LD_RUNPATH_SEARCH_PATHS = "$(inherited) @executable_path/Frameworks";
				PRODUCT_NAME = "$(TARGET_NAME)";
			};
			name = Debug;
		};
		F13CE9D419449E1C007AB38C /* Release */ = {
			isa = XCBuildConfiguration;
			buildSettings = {
				ASSETCATALOG_COMPILER_APPICON_NAME = AppIcon;
				ASSETCATALOG_COMPILER_LAUNCHIMAGE_NAME = LaunchImage;
				INFOPLIST_FILE = ContactQRGenerator/Info.plist;
				LD_RUNPATH_SEARCH_PATHS = "$(inherited) @executable_path/Frameworks";
				PRODUCT_NAME = "$(TARGET_NAME)";
			};
			name = Release;
		};
		F13CE9D619449E1C007AB38C /* Debug */ = {
			isa = XCBuildConfiguration;
			buildSettings = {
				BUNDLE_LOADER = "$(BUILT_PRODUCTS_DIR)/ContactQRGenerator.app/ContactQRGenerator";
				FRAMEWORK_SEARCH_PATHS = (
					"$(SDKROOT)/Developer/Library/Frameworks",
					"$(inherited)",
				);
				GCC_PREPROCESSOR_DEFINITIONS = (
					"DEBUG=1",
					"$(inherited)",
				);
				INFOPLIST_FILE = ContactQRGeneratorTests/Info.plist;
				LD_RUNPATH_SEARCH_PATHS = "$(inherited) @executable_path/Frameworks @loader_path/Frameworks";
				METAL_ENABLE_DEBUG_INFO = YES;
				PRODUCT_NAME = "$(TARGET_NAME)";
				TEST_HOST = "$(BUNDLE_LOADER)";
			};
			name = Debug;
		};
		F13CE9D719449E1C007AB38C /* Release */ = {
			isa = XCBuildConfiguration;
			buildSettings = {
				BUNDLE_LOADER = "$(BUILT_PRODUCTS_DIR)/ContactQRGenerator.app/ContactQRGenerator";
				FRAMEWORK_SEARCH_PATHS = (
					"$(SDKROOT)/Developer/Library/Frameworks",
					"$(inherited)",
				);
				INFOPLIST_FILE = ContactQRGeneratorTests/Info.plist;
				LD_RUNPATH_SEARCH_PATHS = "$(inherited) @executable_path/Frameworks @loader_path/Frameworks";
				METAL_ENABLE_DEBUG_INFO = NO;
				PRODUCT_NAME = "$(TARGET_NAME)";
				TEST_HOST = "$(BUNDLE_LOADER)";
			};
			name = Release;
		};
/* End XCBuildConfiguration section */

/* Begin XCConfigurationList section */
		F13CE9B319449E1C007AB38C /* Build configuration list for PBXProject "ContactQRGenerator" */ = {
			isa = XCConfigurationList;
			buildConfigurations = (
				F13CE9D019449E1C007AB38C /* Debug */,
				F13CE9D119449E1C007AB38C /* Release */,
			);
			defaultConfigurationIsVisible = 0;
			defaultConfigurationName = Release;
		};
		F13CE9D219449E1C007AB38C /* Build configuration list for PBXNativeTarget "ContactQRGenerator" */ = {
			isa = XCConfigurationList;
			buildConfigurations = (
				F13CE9D319449E1C007AB38C /* Debug */,
				F13CE9D419449E1C007AB38C /* Release */,
			);
			defaultConfigurationIsVisible = 0;
		};
		F13CE9D519449E1C007AB38C /* Build configuration list for PBXNativeTarget "ContactQRGeneratorTests" */ = {
			isa = XCConfigurationList;
			buildConfigurations = (
				F13CE9D619449E1C007AB38C /* Debug */,
				F13CE9D719449E1C007AB38C /* Release */,
			);
			defaultConfigurationIsVisible = 0;
		};
/* End XCConfigurationList section */

/* Begin XCVersionGroup section */
		F13CE9BF19449E1C007AB38C /* ContactQRGenerator.xcdatamodeld */ = {
			isa = XCVersionGroup;
			children = (
				F13CE9C019449E1C007AB38C /* ContactQRGenerator.xcdatamodel */,
			);
			currentVersion = F13CE9C019449E1C007AB38C /* ContactQRGenerator.xcdatamodel */;
			path = ContactQRGenerator.xcdatamodeld;
			sourceTree = "<group>";
			versionGroupType = wrapper.xcdatamodel;
		};
/* End XCVersionGroup section */
	};
	rootObject = F13CE9B019449E1C007AB38C /* Project object */;
}
